
Microsoft Visual Studio Solution File, Format Version 12.00
# Visual Studio Version 17
VisualStudioVersion = 17.7.34018.315
MinimumVisualStudioVersion = 10.0.40219.1
Project("{FAE04EC0-301F-11D3-BF4B-00C04F79EFBC}") = "cassandra-app", "cassandra-app.csproj", "{861A403F-0B9D-49E5-90A1-BB16EE5F1CFF}"
EndProject
Global
	GlobalSection(SolutionConfigurationPlatforms) = preSolution
		Debug|Any CPU = Debug|Any CPU
		Release|Any CPU = Release|Any CPU
	EndGlobalSection
	GlobalSection(ProjectConfigurationPlatforms) = postSolution
		{861A403F-0B9D-49E5-90A1-BB16EE5F1CFF}.Debug|Any CPU.ActiveCfg = Debug|Any CPU
		{861A403F-0B9D-49E5-90A1-BB16EE5F1CFF}.Debug|Any CPU.Build.0 = Debug|Any CPU
		{861A403F-0B9D-49E5-90A1-BB16EE5F1CFF}.Release|Any CPU.ActiveCfg = Release|Any CPU
		{861A403F-0B9D-49E5-90A1-BB16EE5F1CFF}.Release|Any CPU.Build.0 = Release|Any CPU
	EndGlobalSection
	GlobalSection(SolutionProperties) = preSolution
		HideSolutionNode = FALSE
	EndGlobalSection
	GlobalSection(ExtensibilityGlobals) = postSolution
		SolutionGuid = {613AC5FE-262C-41B6-933A-F757BD7763B6}
	EndGlobalSection
EndGlobal
